
Microsoft Visual Studio Solution File, Format Version 12.00
# Visual Studio Version 17
VisualStudioVersion = 17.0.32112.339
MinimumVisualStudioVersion = 10.0.40219.1
Project("{9A19103F-16F7-4668-BE54-9A1E7A4F7556}") = "AsenkronWindowsForms", "AsenkronWindowsForms\AsenkronWindowsForms.csproj", "{7195614F-6BE2-4364-A69B-0224296FA025}"
EndProject
Project("{9A19103F-16F7-4668-BE54-9A1E7A4F7556}") = "TaskWebApp.API", "TaskWebApp.API\TaskWebApp.API.csproj", "{ED673278-1F49-4D9C-ADA5-34173A701FEB}"
EndProject
Project("{9A19103F-16F7-4668-BE54-9A1E7A4F7556}") = "TestConsoleApp", "TestConsoleApp\TestConsoleApp.csproj", "{0F0D5956-D99D-4464-B4D8-42EE68E1B311}"
EndProject
Project("{9A19103F-16F7-4668-BE54-9A1E7A4F7556}") = "WhenAll", "WhenAll\WhenAll.csproj", "{55500D7D-AE12-4CEC-A50A-FE07C1A1528C}"
EndProject
Project("{9A19103F-16F7-4668-BE54-9A1E7A4F7556}") = "WhenAny", "WhenAny\WhenAny.csproj", "{7720ACAB-272F-4272-A64F-01F4DF50851F}"
EndProject
Project("{9A19103F-16F7-4668-BE54-9A1E7A4F7556}") = "WaitAll", "WaitAll\WaitAll.csproj", "{1C2A42FD-A693-4F8D-A306-B3EEA2EB003C}"
EndProject
Project("{9A19103F-16F7-4668-BE54-9A1E7A4F7556}") = "TaskThreadApp", "TaskThreadApp\TaskThreadApp.csproj", "{C0E9919A-3007-4DDD-B651-7363FAFF9478}"
EndProject
Project("{9A19103F-16F7-4668-BE54-9A1E7A4F7556}") = "WaitAny", "WaitAny\WaitAny.csproj", "{FABE7119-6C05-480F-AC65-73ED23D1435B}"
EndProject
Project("{9A19103F-16F7-4668-BE54-9A1E7A4F7556}") = "Delay", "Delay\Delay.csproj", "{3639B795-12ED-41A2-88A7-CF92336D7706}"
EndProject
Project("{9A19103F-16F7-4668-BE54-9A1E7A4F7556}") = "StartNewExample", "StartNewExample\StartNewExample.csproj", "{45D27106-423D-42A0-910E-E600C0403749}"
EndProject
Project("{FAE04EC0-301F-11D3-BF4B-00C04F79EFBC}") = "NLayerApp.Core", "NLayerApp.Core\NLayerApp.Core.csproj", "{1BB883AF-14C6-4B28-B3DF-7E218DC1D7E5}"
EndProject
Project("{FAE04EC0-301F-11D3-BF4B-00C04F79EFBC}") = "NLayerApp.Repository", "NLayerApp.Repository\NLayerApp.Repository.csproj", "{77C0C8EB-1EE9-4BE7-B71C-32832D778990}"
EndProject
Project("{FAE04EC0-301F-11D3-BF4B-00C04F79EFBC}") = "NLayerApp.Service", "NLayerApp.Service\NLayerApp.Service.csproj", "{92CDFB30-9003-4777-857A-B10CAE5AD9F0}"
EndProject
Project("{FAE04EC0-301F-11D3-BF4B-00C04F79EFBC}") = "NLayer.API", "NLayer.API\NLayer.API.csproj", "{65E9A1EF-C780-4B9D-B7C1-86853B745445}"
EndProject
Project("{F2A71F9B-5D33-465A-A702-920D77279786}") = "NLayer.Web", "NLayer.Web\NLayer.Web.fsproj", "{A52122CB-CBF8-4EAA-BA6D-C6E628C4B91C}"
EndProject
Project("{FAE04EC0-301F-11D3-BF4B-00C04F79EFBC}") = "NLayer.Caching", "NLayer.Caching\NLayer.Caching.csproj", "{E2B7F88D-D652-447E-A136-AD66747CA393}"
EndProject
Project("{2150E333-8FDC-42A3-9474-1A3956D46DE8}") = "Solution Items", "Solution Items", "{2AB72D75-3708-4C0C-B171-9D496D0E0D5B}"
	ProjectSection(SolutionItems) = preProject
		.editorconfig = .editorconfig
	EndProjectSection
EndProject
Global
	GlobalSection(SolutionConfigurationPlatforms) = preSolution
		Debug|Any CPU = Debug|Any CPU
		Release|Any CPU = Release|Any CPU
	EndGlobalSection
	GlobalSection(ProjectConfigurationPlatforms) = postSolution
		{7195614F-6BE2-4364-A69B-0224296FA025}.Debug|Any CPU.ActiveCfg = Debug|Any CPU
		{7195614F-6BE2-4364-A69B-0224296FA025}.Debug|Any CPU.Build.0 = Debug|Any CPU
		{7195614F-6BE2-4364-A69B-0224296FA025}.Release|Any CPU.ActiveCfg = Release|Any CPU
		{7195614F-6BE2-4364-A69B-0224296FA025}.Release|Any CPU.Build.0 = Release|Any CPU
		{ED673278-1F49-4D9C-ADA5-34173A701FEB}.Debug|Any CPU.ActiveCfg = Debug|Any CPU
		{ED673278-1F49-4D9C-ADA5-34173A701FEB}.Debug|Any CPU.Build.0 = Debug|Any CPU
		{ED673278-1F49-4D9C-ADA5-34173A701FEB}.Release|Any CPU.ActiveCfg = Release|Any CPU
		{ED673278-1F49-4D9C-ADA5-34173A701FEB}.Release|Any CPU.Build.0 = Release|Any CPU
		{0F0D5956-D99D-4464-B4D8-42EE68E1B311}.Debug|Any CPU.ActiveCfg = Debug|Any CPU
		{0F0D5956-D99D-4464-B4D8-42EE68E1B311}.Debug|Any CPU.Build.0 = Debug|Any CPU
		{0F0D5956-D99D-4464-B4D8-42EE68E1B311}.Release|Any CPU.ActiveCfg = Release|Any CPU
		{0F0D5956-D99D-4464-B4D8-42EE68E1B311}.Release|Any CPU.Build.0 = Release|Any CPU
		{55500D7D-AE12-4CEC-A50A-FE07C1A1528C}.Debug|Any CPU.ActiveCfg = Debug|Any CPU
		{55500D7D-AE12-4CEC-A50A-FE07C1A1528C}.Debug|Any CPU.Build.0 = Debug|Any CPU
		{55500D7D-AE12-4CEC-A50A-FE07C1A1528C}.Release|Any CPU.ActiveCfg = Release|Any CPU
		{55500D7D-AE12-4CEC-A50A-FE07C1A1528C}.Release|Any CPU.Build.0 = Release|Any CPU
		{7720ACAB-272F-4272-A64F-01F4DF50851F}.Debug|Any CPU.ActiveCfg = Debug|Any CPU
		{7720ACAB-272F-4272-A64F-01F4DF50851F}.Debug|Any CPU.Build.0 = Debug|Any CPU
		{7720ACAB-272F-4272-A64F-01F4DF50851F}.Release|Any CPU.ActiveCfg = Release|Any CPU
		{7720ACAB-272F-4272-A64F-01F4DF50851F}.Release|Any CPU.Build.0 = Release|Any CPU
		{1C2A42FD-A693-4F8D-A306-B3EEA2EB003C}.Debug|Any CPU.ActiveCfg = Debug|Any CPU
		{1C2A42FD-A693-4F8D-A306-B3EEA2EB003C}.Debug|Any CPU.Build.0 = Debug|Any CPU
		{1C2A42FD-A693-4F8D-A306-B3EEA2EB003C}.Release|Any CPU.ActiveCfg = Release|Any CPU
		{1C2A42FD-A693-4F8D-A306-B3EEA2EB003C}.Release|Any CPU.Build.0 = Release|Any CPU
		{C0E9919A-3007-4DDD-B651-7363FAFF9478}.Debug|Any CPU.ActiveCfg = Debug|Any CPU
		{C0E9919A-3007-4DDD-B651-7363FAFF9478}.Debug|Any CPU.Build.0 = Debug|Any CPU
		{C0E9919A-3007-4DDD-B651-7363FAFF9478}.Release|Any CPU.ActiveCfg = Release|Any CPU
		{C0E9919A-3007-4DDD-B651-7363FAFF9478}.Release|Any CPU.Build.0 = Release|Any CPU
		{FABE7119-6C05-480F-AC65-73ED23D1435B}.Debug|Any CPU.ActiveCfg = Debug|Any CPU
		{FABE7119-6C05-480F-AC65-73ED23D1435B}.Debug|Any CPU.Build.0 = Debug|Any CPU
		{FABE7119-6C05-480F-AC65-73ED23D1435B}.Release|Any CPU.ActiveCfg = Release|Any CPU
		{FABE7119-6C05-480F-AC65-73ED23D1435B}.Release|Any CPU.Build.0 = Release|Any CPU
		{3639B795-12ED-41A2-88A7-CF92336D7706}.Debug|Any CPU.ActiveCfg = Debug|Any CPU
		{3639B795-12ED-41A2-88A7-CF92336D7706}.Debug|Any CPU.Build.0 = Debug|Any CPU
		{3639B795-12ED-41A2-88A7-CF92336D7706}.Release|Any CPU.ActiveCfg = Release|Any CPU
		{3639B795-12ED-41A2-88A7-CF92336D7706}.Release|Any CPU.Build.0 = Release|Any CPU
		{45D27106-423D-42A0-910E-E600C0403749}.Debug|Any CPU.ActiveCfg = Debug|Any CPU
		{45D27106-423D-42A0-910E-E600C0403749}.Debug|Any CPU.Build.0 = Debug|Any CPU
		{45D27106-423D-42A0-910E-E600C0403749}.Release|Any CPU.ActiveCfg = Release|Any CPU
		{45D27106-423D-42A0-910E-E600C0403749}.Release|Any CPU.Build.0 = Release|Any CPU
		{1BB883AF-14C6-4B28-B3DF-7E218DC1D7E5}.Debug|Any CPU.ActiveCfg = Debug|Any CPU
		{1BB883AF-14C6-4B28-B3DF-7E218DC1D7E5}.Debug|Any CPU.Build.0 = Debug|Any CPU
		{1BB883AF-14C6-4B28-B3DF-7E218DC1D7E5}.Release|Any CPU.ActiveCfg = Release|Any CPU
		{1BB883AF-14C6-4B28-B3DF-7E218DC1D7E5}.Release|Any CPU.Build.0 = Release|Any CPU
		{77C0C8EB-1EE9-4BE7-B71C-32832D778990}.Debug|Any CPU.ActiveCfg = Debug|Any CPU
		{77C0C8EB-1EE9-4BE7-B71C-32832D778990}.Debug|Any CPU.Build.0 = Debug|Any CPU
		{77C0C8EB-1EE9-4BE7-B71C-32832D778990}.Release|Any CPU.ActiveCfg = Release|Any CPU
		{77C0C8EB-1EE9-4BE7-B71C-32832D778990}.Release|Any CPU.Build.0 = Release|Any CPU
		{92CDFB30-9003-4777-857A-B10CAE5AD9F0}.Debug|Any CPU.ActiveCfg = Debug|Any CPU
		{92CDFB30-9003-4777-857A-B10CAE5AD9F0}.Debug|Any CPU.Build.0 = Debug|Any CPU
		{92CDFB30-9003-4777-857A-B10CAE5AD9F0}.Release|Any CPU.ActiveCfg = Release|Any CPU
		{92CDFB30-9003-4777-857A-B10CAE5AD9F0}.Release|Any CPU.Build.0 = Release|Any CPU
		{65E9A1EF-C780-4B9D-B7C1-86853B745445}.Debug|Any CPU.ActiveCfg = Debug|Any CPU
		{65E9A1EF-C780-4B9D-B7C1-86853B745445}.Debug|Any CPU.Build.0 = Debug|Any CPU
		{65E9A1EF-C780-4B9D-B7C1-86853B745445}.Release|Any CPU.ActiveCfg = Release|Any CPU
		{65E9A1EF-C780-4B9D-B7C1-86853B745445}.Release|Any CPU.Build.0 = Release|Any CPU
		{A52122CB-CBF8-4EAA-BA6D-C6E628C4B91C}.Debug|Any CPU.ActiveCfg = Debug|Any CPU
		{A52122CB-CBF8-4EAA-BA6D-C6E628C4B91C}.Debug|Any CPU.Build.0 = Debug|Any CPU
		{A52122CB-CBF8-4EAA-BA6D-C6E628C4B91C}.Release|Any CPU.ActiveCfg = Release|Any CPU
		{A52122CB-CBF8-4EAA-BA6D-C6E628C4B91C}.Release|Any CPU.Build.0 = Release|Any CPU
		{E2B7F88D-D652-447E-A136-AD66747CA393}.Debug|Any CPU.ActiveCfg = Debug|Any CPU
		{E2B7F88D-D652-447E-A136-AD66747CA393}.Debug|Any CPU.Build.0 = Debug|Any CPU
		{E2B7F88D-D652-447E-A136-AD66747CA393}.Release|Any CPU.ActiveCfg = Release|Any CPU
		{E2B7F88D-D652-447E-A136-AD66747CA393}.Release|Any CPU.Build.0 = Release|Any CPU
	EndGlobalSection
	GlobalSection(SolutionProperties) = preSolution
		HideSolutionNode = FALSE
	EndGlobalSection
	GlobalSection(ExtensibilityGlobals) = postSolution
		SolutionGuid = {2124A110-A51A-48DD-9A9D-3A8C3AC491EA}
	EndGlobalSection
EndGlobal
