
Microsoft Visual Studio Solution File, Format Version 12.00
# Visual Studio Version 17
VisualStudioVersion = 17.0.32112.339
MinimumVisualStudioVersion = 10.0.40219.1
Project("{9A19103F-16F7-4668-BE54-9A1E7A4F7556}") = "AsenkronWindowsForms", "AsenkronWindowsForms\AsenkronWindowsForms.csproj", "{7195614F-6BE2-4364-A69B-0224296FA025}"
EndProject
Project("{9A19103F-16F7-4668-BE54-9A1E7A4F7556}") = "TaskWebApp.API", "TaskWebApp.API\TaskWebApp.API.csproj", "{ED673278-1F49-4D9C-ADA5-34173A701FEB}"
EndProject
Project("{9A19103F-16F7-4668-BE54-9A1E7A4F7556}") = "TestConsoleApp", "TestConsoleApp\TestConsoleApp.csproj", "{0F0D5956-D99D-4464-B4D8-42EE68E1B311}"
EndProject
Project("{FAE04EC0-301F-11D3-BF4B-00C04F79EFBC}") = "WhenAll", "WhenAll\WhenAll.csproj", "{55500D7D-AE12-4CEC-A50A-FE07C1A1528C}"
EndProject
Global
	GlobalSection(SolutionConfigurationPlatforms) = preSolution
		Debug|Any CPU = Debug|Any CPU
		Release|Any CPU = Release|Any CPU
	EndGlobalSection
	GlobalSection(ProjectConfigurationPlatforms) = postSolution
		{7195614F-6BE2-4364-A69B-0224296FA025}.Debug|Any CPU.ActiveCfg = Debug|Any CPU
		{7195614F-6BE2-4364-A69B-0224296FA025}.Debug|Any CPU.Build.0 = Debug|Any CPU
		{7195614F-6BE2-4364-A69B-0224296FA025}.Release|Any CPU.ActiveCfg = Release|Any CPU
		{7195614F-6BE2-4364-A69B-0224296FA025}.Release|Any CPU.Build.0 = Release|Any CPU
		{ED673278-1F49-4D9C-ADA5-34173A701FEB}.Debug|Any CPU.ActiveCfg = Debug|Any CPU
		{ED673278-1F49-4D9C-ADA5-34173A701FEB}.Debug|Any CPU.Build.0 = Debug|Any CPU
		{ED673278-1F49-4D9C-ADA5-34173A701FEB}.Release|Any CPU.ActiveCfg = Release|Any CPU
		{ED673278-1F49-4D9C-ADA5-34173A701FEB}.Release|Any CPU.Build.0 = Release|Any CPU
		{0F0D5956-D99D-4464-B4D8-42EE68E1B311}.Debug|Any CPU.ActiveCfg = Debug|Any CPU
		{0F0D5956-D99D-4464-B4D8-42EE68E1B311}.Debug|Any CPU.Build.0 = Debug|Any CPU
		{0F0D5956-D99D-4464-B4D8-42EE68E1B311}.Release|Any CPU.ActiveCfg = Release|Any CPU
		{0F0D5956-D99D-4464-B4D8-42EE68E1B311}.Release|Any CPU.Build.0 = Release|Any CPU
		{55500D7D-AE12-4CEC-A50A-FE07C1A1528C}.Debug|Any CPU.ActiveCfg = Debug|Any CPU
		{55500D7D-AE12-4CEC-A50A-FE07C1A1528C}.Debug|Any CPU.Build.0 = Debug|Any CPU
		{55500D7D-AE12-4CEC-A50A-FE07C1A1528C}.Release|Any CPU.ActiveCfg = Release|Any CPU
		{55500D7D-AE12-4CEC-A50A-FE07C1A1528C}.Release|Any CPU.Build.0 = Release|Any CPU
	EndGlobalSection
	GlobalSection(SolutionProperties) = preSolution
		HideSolutionNode = FALSE
	EndGlobalSection
	GlobalSection(ExtensibilityGlobals) = postSolution
		SolutionGuid = {2124A110-A51A-48DD-9A9D-3A8C3AC491EA}
	EndGlobalSection
EndGlobal
